[[package]]
name = "appdirs"
version = "1.4.4"
description = "A small Python module for determining appropriate platform-specific dirs, e.g. a \"user data dir\"."
category = "main"
optional = false
python-versions = "*"

[[package]]
name = "atomicwrites"
version = "1.4.0"
description = "Atomic file writes."
category = "dev"
optional = false
python-versions = ">=2.7, !=3.0.*, !=3.1.*, !=3.2.*, !=3.3.*"

[[package]]
name = "attrs"
version = "20.3.0"
description = "Classes Without Boilerplate"
category = "dev"
optional = false
python-versions = ">=2.7, !=3.0.*, !=3.1.*, !=3.2.*, !=3.3.*"

[package.extras]
dev = ["coverage[toml] (>=5.0.2)", "hypothesis", "pympler", "pytest (>=4.3.0)", "six", "zope.interface", "furo", "sphinx", "pre-commit"]
docs = ["furo", "sphinx", "zope.interface"]
tests = ["coverage[toml] (>=5.0.2)", "hypothesis", "pympler", "pytest (>=4.3.0)", "six", "zope.interface"]
tests_no_zope = ["coverage[toml] (>=5.0.2)", "hypothesis", "pympler", "pytest (>=4.3.0)", "six"]

[[package]]
name = "certifi"
version = "2020.12.5"
description = "Python package for providing Mozilla's CA Bundle."
category = "main"
optional = false
python-versions = "*"

[[package]]
name = "cfgv"
version = "3.2.0"
description = "Validate configuration and produce human readable error messages."
category = "dev"
optional = false
python-versions = ">=3.6.1"

[[package]]
name = "colorama"
version = "0.4.4"
description = "Cross-platform colored terminal text."
category = "dev"
optional = false
python-versions = ">=2.7, !=3.0.*, !=3.1.*, !=3.2.*, !=3.3.*, !=3.4.*"

[[package]]
name = "distlib"
version = "0.3.1"
description = "Distribution utilities"
category = "dev"
optional = false
python-versions = "*"

[[package]]
name = "ecdsa"
version = "0.13.3"
description = "ECDSA cryptographic signature library (pure python)"
category = "main"
optional = false
python-versions = "*"

[[package]]
name = "filelock"
version = "3.0.12"
description = "A platform independent file lock."
category = "dev"
optional = false
python-versions = "*"

[[package]]
name = "funcy"
version = "1.15"
description = "A fancy and practical functional tools"
category = "main"
optional = false
python-versions = "*"

[[package]]
name = "identify"
version = "2.2.4"
description = "File identification library for Python"
category = "dev"
optional = false
python-versions = ">=3.6.1"

[package.extras]
license = ["editdistance-s"]

[[package]]
name = "importlib-metadata"
version = "4.0.1"
description = "Read metadata from Python packages"
category = "dev"
optional = false
python-versions = ">=3.6"

[package.dependencies]
typing-extensions = {version = ">=3.6.4", markers = "python_version < \"3.8\""}
zipp = ">=0.5"

[package.extras]
docs = ["sphinx", "jaraco.packaging (>=8.2)", "rst.linker (>=1.9)"]
testing = ["pytest (>=4.6)", "pytest-checkdocs (>=2.4)", "pytest-flake8", "pytest-cov", "pytest-enabler (>=1.0.1)", "packaging", "pep517", "pyfakefs", "flufl.flake8", "pytest-black (>=0.3.7)", "pytest-mypy", "importlib-resources (>=1.3)"]

[[package]]
name = "importlib-resources"
version = "5.1.2"
description = "Read resources from Python packages"
category = "dev"
optional = false
python-versions = ">=3.6"

[package.dependencies]
zipp = {version = ">=0.4", markers = "python_version < \"3.8\""}

[package.extras]
docs = ["sphinx", "jaraco.packaging (>=8.2)", "rst.linker (>=1.9)"]
testing = ["pytest (>=4.6)", "pytest-checkdocs (>=1.2.3)", "pytest-flake8", "pytest-cov", "pytest-enabler", "pytest-black (>=0.3.7)", "pytest-mypy"]

[[package]]
name = "langdetect"
version = "1.0.8"
description = "Language detection library ported from Google's language-detection."
category = "main"
optional = false
python-versions = "*"

[package.dependencies]
six = "*"

[[package]]
name = "more-itertools"
version = "8.7.0"
description = "More routines for operating on iterables, beyond itertools"
category = "dev"
optional = false
python-versions = ">=3.5"

[[package]]
name = "nodeenv"
version = "1.6.0"
description = "Node.js virtual environment builder"
category = "dev"
optional = false
python-versions = "*"

[[package]]
name = "packaging"
version = "20.9"
description = "Core utilities for Python packages"
category = "dev"
optional = false
python-versions = ">=2.7, !=3.0.*, !=3.1.*, !=3.2.*, !=3.3.*"

[package.dependencies]
pyparsing = ">=2.0.2"

[[package]]
name = "pluggy"
version = "0.13.1"
description = "plugin and hook calling mechanisms for python"
category = "dev"
optional = false
python-versions = ">=2.7, !=3.0.*, !=3.1.*, !=3.2.*, !=3.3.*"

[package.dependencies]
importlib-metadata = {version = ">=0.12", markers = "python_version < \"3.8\""}

[package.extras]
dev = ["pre-commit", "tox"]

[[package]]
name = "pre-commit"
version = "2.12.1"
description = "A framework for managing and maintaining multi-language pre-commit hooks."
category = "dev"
optional = false
python-versions = ">=3.6.1"

[package.dependencies]
cfgv = ">=2.0.0"
identify = ">=1.0.0"
importlib-metadata = {version = "*", markers = "python_version < \"3.8\""}
importlib-resources = {version = "*", markers = "python_version < \"3.7\""}
nodeenv = ">=0.11.1"
pyyaml = ">=5.1"
toml = "*"
virtualenv = ">=20.0.8"

[[package]]
name = "prettytable"
version = "0.7.2"
description = "A simple Python library for easily displaying tabular data in a visually appealing ASCII table format."
category = "main"
optional = false
python-versions = "*"

[[package]]
name = "py"
version = "1.10.0"
description = "library with cross-python path, ini-parsing, io, code, log facilities"
category = "dev"
optional = false
python-versions = ">=2.7, !=3.0.*, !=3.1.*, !=3.2.*, !=3.3.*"

[[package]]
name = "pycryptodome"
version = "3.10.1"
description = "Cryptographic library for Python"
category = "main"
optional = false
python-versions = ">=2.7, !=3.0.*, !=3.1.*, !=3.2.*, !=3.3.*, !=3.4.*"

[[package]]
name = "pylibscrypt"
version = "1.8.0"
description = "Scrypt for Python"
category = "main"
optional = false
python-versions = "*"

[[package]]
name = "pyparsing"
version = "2.4.7"
description = "Python parsing module"
category = "dev"
optional = false
python-versions = ">=2.6, !=3.0.*, !=3.1.*, !=3.2.*"

[[package]]
name = "pytest"
version = "5.4.3"
description = "pytest: simple powerful testing with Python"
category = "dev"
optional = false
python-versions = ">=3.5"

[package.dependencies]
atomicwrites = {version = ">=1.0", markers = "sys_platform == \"win32\""}
attrs = ">=17.4.0"
colorama = {version = "*", markers = "sys_platform == \"win32\""}
importlib-metadata = {version = ">=0.12", markers = "python_version < \"3.8\""}
more-itertools = ">=4.0.0"
packaging = "*"
pluggy = ">=0.12,<1.0"
py = ">=1.5.0"
wcwidth = "*"

[package.extras]
checkqa-mypy = ["mypy (==v0.761)"]
testing = ["argcomplete", "hypothesis (>=3.56)", "mock", "nose", "requests", "xmlschema"]

[[package]]
name = "pyyaml"
version = "5.4.1"
description = "YAML parser and emitter for Python"
category = "dev"
optional = false
python-versions = ">=2.7, !=3.0.*, !=3.1.*, !=3.2.*, !=3.3.*, !=3.4.*, !=3.5.*"

[[package]]
name = "scrypt"
version = "0.8.18"
description = "Bindings for the scrypt key derivation function library"
category = "main"
optional = false
python-versions = "*"

[[package]]
name = "six"
version = "1.15.0"
description = "Python 2 and 3 compatibility utilities"
category = "main"
optional = false
python-versions = ">=2.7, !=3.0.*, !=3.1.*, !=3.2.*"

[[package]]
name = "toml"
version = "0.10.2"
description = "Python Library for Tom's Obvious, Minimal Language"
category = "dev"
optional = false
python-versions = ">=2.6, !=3.0.*, !=3.1.*, !=3.2.*"

[[package]]
name = "toolz"
version = "0.10.0"
description = "List processing tools and functional utilities"
category = "main"
optional = false
python-versions = ">=2.7, !=3.0.*, !=3.1.*, !=3.2.*, !=3.3.*"

[[package]]
name = "typing-extensions"
version = "3.7.4.3"
description = "Backported and Experimental Type Hints for Python 3.5+"
category = "dev"
optional = false
python-versions = "*"

[[package]]
name = "ujson"
version = "2.0.3"
description = "Ultra fast JSON encoder and decoder for Python"
category = "main"
optional = false
python-versions = ">=2.7, !=3.0.*, !=3.1.*, !=3.2.*, !=3.3.*, !=3.4.*"

[[package]]
name = "urllib3"
version = "1.26.4"
description = "HTTP library with thread-safe connection pooling, file post, and more."
category = "main"
optional = false
python-versions = ">=2.7, !=3.0.*, !=3.1.*, !=3.2.*, !=3.3.*, !=3.4.*, <4"

[package.extras]
secure = ["pyOpenSSL (>=0.14)", "cryptography (>=1.3.4)", "idna (>=2.0.0)", "certifi", "ipaddress"]
socks = ["PySocks (>=1.5.6,!=1.5.7,<2.0)"]
brotli = ["brotlipy (>=0.6.0)"]

[[package]]
name = "virtualenv"
version = "20.4.4"
description = "Virtual Python Environment builder"
category = "dev"
optional = false
python-versions = "!=3.0.*,!=3.1.*,!=3.2.*,!=3.3.*,>=2.7"

[package.dependencies]
appdirs = ">=1.4.3,<2"
distlib = ">=0.3.1,<1"
filelock = ">=3.0.0,<4"
importlib-metadata = {version = ">=0.12", markers = "python_version < \"3.8\""}
importlib-resources = {version = ">=1.0", markers = "python_version < \"3.7\""}
six = ">=1.9.0,<2"

[package.extras]
docs = ["proselint (>=0.10.2)", "sphinx (>=3)", "sphinx-argparse (>=0.2.5)", "sphinx-rtd-theme (>=0.4.3)", "towncrier (>=19.9.0rc1)"]
testing = ["coverage (>=4)", "coverage-enable-subprocess (>=1)", "flaky (>=3)", "pytest (>=4)", "pytest-env (>=0.6.2)", "pytest-freezegun (>=0.4.1)", "pytest-mock (>=2)", "pytest-randomly (>=1)", "pytest-timeout (>=1)", "packaging (>=20.0)", "xonsh (>=0.9.16)"]

[[package]]
name = "voluptuous"
version = "0.11.7"
description = "# Voluptuous is a Python data validation library"
category = "main"
optional = false
python-versions = "*"

[[package]]
name = "w3lib"
version = "1.22.0"
description = "Library of web-related functions"
category = "main"
optional = false
python-versions = "*"

[package.dependencies]
six = ">=1.4.1"

[[package]]
name = "wcwidth"
version = "0.2.5"
description = "Measures the displayed width of unicode strings in a terminal"
category = "dev"
optional = false
python-versions = "*"

[[package]]
name = "websocket-client"
version = "0.56.0"
description = "WebSocket client for Python. hybi13 is supported."
category = "main"
optional = false
python-versions = ">=2.6, !=3.0.*, !=3.1.*, !=3.2.*, !=3.3.*"

[package.dependencies]
six = "*"

[[package]]
name = "zipp"
version = "3.4.1"
description = "Backport of pathlib-compatible object wrapper for zip files"
category = "dev"
optional = false
python-versions = ">=3.6"

[package.extras]
docs = ["sphinx", "jaraco.packaging (>=8.2)", "rst.linker (>=1.9)"]
testing = ["pytest (>=4.6)", "pytest-checkdocs (>=1.2.3)", "pytest-flake8", "pytest-cov", "pytest-enabler", "jaraco.itertools", "func-timeout", "pytest-black (>=0.3.7)", "pytest-mypy"]

[metadata]
lock-version = "1.1"
python-versions = "^3.6.1"
content-hash = "e8b77504697fc69290189a8a3d68a2cf63ba6af77ed9c36eca6eef4c981e1559"

[metadata.files]
appdirs = [
    {file = "appdirs-1.4.4-py2.py3-none-any.whl", hash = "sha256:a841dacd6b99318a741b166adb07e19ee71a274450e68237b4650ca1055ab128"},
    {file = "appdirs-1.4.4.tar.gz", hash = "sha256:7d5d0167b2b1ba821647616af46a749d1c653740dd0d2415100fe26e27afdf41"},
]
atomicwrites = [
    {file = "atomicwrites-1.4.0-py2.py3-none-any.whl", hash = "sha256:6d1784dea7c0c8d4a5172b6c620f40b6e4cbfdf96d783691f2e1302a7b88e197"},
    {file = "atomicwrites-1.4.0.tar.gz", hash = "sha256:ae70396ad1a434f9c7046fd2dd196fc04b12f9e91ffb859164193be8b6168a7a"},
]
attrs = [
    {file = "attrs-20.3.0-py2.py3-none-any.whl", hash = "sha256:31b2eced602aa8423c2aea9c76a724617ed67cf9513173fd3a4f03e3a929c7e6"},
    {file = "attrs-20.3.0.tar.gz", hash = "sha256:832aa3cde19744e49938b91fea06d69ecb9e649c93ba974535d08ad92164f700"},
]
certifi = [
    {file = "certifi-2020.12.5-py2.py3-none-any.whl", hash = "sha256:719a74fb9e33b9bd44cc7f3a8d94bc35e4049deebe19ba7d8e108280cfd59830"},
    {file = "certifi-2020.12.5.tar.gz", hash = "sha256:1a4995114262bffbc2413b159f2a1a480c969de6e6eb13ee966d470af86af59c"},
]
cfgv = [
    {file = "cfgv-3.2.0-py2.py3-none-any.whl", hash = "sha256:32e43d604bbe7896fe7c248a9c2276447dbef840feb28fe20494f62af110211d"},
    {file = "cfgv-3.2.0.tar.gz", hash = "sha256:cf22deb93d4bcf92f345a5c3cd39d3d41d6340adc60c78bbbd6588c384fda6a1"},
]
colorama = [
    {file = "colorama-0.4.4-py2.py3-none-any.whl", hash = "sha256:9f47eda37229f68eee03b24b9748937c7dc3868f906e8ba69fbcbdd3bc5dc3e2"},
    {file = "colorama-0.4.4.tar.gz", hash = "sha256:5941b2b48a20143d2267e95b1c2a7603ce057ee39fd88e7329b0c292aa16869b"},
]
distlib = [
    {file = "distlib-0.3.1-py2.py3-none-any.whl", hash = "sha256:8c09de2c67b3e7deef7184574fc060ab8a793e7adbb183d942c389c8b13c52fb"},
    {file = "distlib-0.3.1.zip", hash = "sha256:edf6116872c863e1aa9d5bb7cb5e05a022c519a4594dc703843343a9ddd9bff1"},
]
ecdsa = [
    {file = "ecdsa-0.13.3-py2.py3-none-any.whl", hash = "sha256:9814e700890991abeceeb2242586024d4758c8fc18445b194a49bd62d85861db"},
    {file = "ecdsa-0.13.3.tar.gz", hash = "sha256:163c80b064a763ea733870feb96f9dd9b92216cfcacd374837af18e4e8ec3d4d"},
]
filelock = [
    {file = "filelock-3.0.12-py3-none-any.whl", hash = "sha256:929b7d63ec5b7d6b71b0fa5ac14e030b3f70b75747cef1b10da9b879fef15836"},
    {file = "filelock-3.0.12.tar.gz", hash = "sha256:18d82244ee114f543149c66a6e0c14e9c4f8a1044b5cdaadd0f82159d6a6ff59"},
]
funcy = [
    {file = "funcy-1.15-py2.py3-none-any.whl", hash = "sha256:c247c3d085e03a89974e0c9e8331e9a79db3768a263556ba896d6c92d665bba2"},
    {file = "funcy-1.15.tar.gz", hash = "sha256:65b746fed572b392d886810a98d56939c6e0d545abb750527a717c21ced21008"},
]
identify = [
    {file = "identify-2.2.4-py2.py3-none-any.whl", hash = "sha256:ad9f3fa0c2316618dc4d840f627d474ab6de106392a4f00221820200f490f5a8"},
    {file = "identify-2.2.4.tar.gz", hash = "sha256:9bcc312d4e2fa96c7abebcdfb1119563b511b5e3985ac52f60d9116277865b2e"},
]
importlib-metadata = [
    {file = "importlib_metadata-4.0.1-py3-none-any.whl", hash = "sha256:d7eb1dea6d6a6086f8be21784cc9e3bcfa55872b52309bc5fad53a8ea444465d"},
    {file = "importlib_metadata-4.0.1.tar.gz", hash = "sha256:8c501196e49fb9df5df43833bdb1e4328f64847763ec8a50703148b73784d581"},
]
importlib-resources = [
    {file = "importlib_resources-5.1.2-py3-none-any.whl", hash = "sha256:ebab3efe74d83b04d6bf5cd9a17f0c5c93e60fb60f30c90f56265fce4682a469"},
    {file = "importlib_resources-5.1.2.tar.gz", hash = "sha256:642586fc4740bd1cad7690f836b3321309402b20b332529f25617ff18e8e1370"},
]
langdetect = [
    {file = "langdetect-1.0.8-py2-none-any.whl", hash = "sha256:f37495e63607865e47deed08d78f7f8e58172658216ff954b2f14671bcd87740"},
    {file = "langdetect-1.0.8.tar.gz", hash = "sha256:363795ea005f1243c958e953245dac5d814fabdc025c9afa91588c5fa6b2fa83"},
]
more-itertools = [
    {file = "more-itertools-8.7.0.tar.gz", hash = "sha256:c5d6da9ca3ff65220c3bfd2a8db06d698f05d4d2b9be57e1deb2be5a45019713"},
    {file = "more_itertools-8.7.0-py3-none-any.whl", hash = "sha256:5652a9ac72209ed7df8d9c15daf4e1aa0e3d2ccd3c87f8265a0673cd9cbc9ced"},
]
nodeenv = [
    {file = "nodeenv-1.6.0-py2.py3-none-any.whl", hash = "sha256:621e6b7076565ddcacd2db0294c0381e01fd28945ab36bcf00f41c5daf63bef7"},
    {file = "nodeenv-1.6.0.tar.gz", hash = "sha256:3ef13ff90291ba2a4a7a4ff9a979b63ffdd00a464dbe04acf0ea6471517a4c2b"},
]
packaging = [
    {file = "packaging-20.9-py2.py3-none-any.whl", hash = "sha256:67714da7f7bc052e064859c05c595155bd1ee9f69f76557e21f051443c20947a"},
    {file = "packaging-20.9.tar.gz", hash = "sha256:5b327ac1320dc863dca72f4514ecc086f31186744b84a230374cc1fd776feae5"},
]
pluggy = [
    {file = "pluggy-0.13.1-py2.py3-none-any.whl", hash = "sha256:966c145cd83c96502c3c3868f50408687b38434af77734af1e9ca461a4081d2d"},
    {file = "pluggy-0.13.1.tar.gz", hash = "sha256:15b2acde666561e1298d71b523007ed7364de07029219b604cf808bfa1c765b0"},
]
pre-commit = [
    {file = "pre_commit-2.12.1-py2.py3-none-any.whl", hash = "sha256:70c5ec1f30406250b706eda35e868b87e3e4ba099af8787e3e8b4b01e84f4712"},
    {file = "pre_commit-2.12.1.tar.gz", hash = "sha256:900d3c7e1bf4cf0374bb2893c24c23304952181405b4d88c9c40b72bda1bb8a9"},
]
prettytable = [
    {file = "prettytable-0.7.2.tar.bz2", hash = "sha256:853c116513625c738dc3ce1aee148b5b5757a86727e67eff6502c7ca59d43c36"},
    {file = "prettytable-0.7.2.tar.gz", hash = "sha256:2d5460dc9db74a32bcc8f9f67de68b2c4f4d2f01fa3bd518764c69156d9cacd9"},
    {file = "prettytable-0.7.2.zip", hash = "sha256:a53da3b43d7a5c229b5e3ca2892ef982c46b7923b51e98f0db49956531211c4f"},
]
py = [
    {file = "py-1.10.0-py2.py3-none-any.whl", hash = "sha256:3b80836aa6d1feeaa108e046da6423ab8f6ceda6468545ae8d02d9d58d18818a"},
    {file = "py-1.10.0.tar.gz", hash = "sha256:21b81bda15b66ef5e1a777a21c4dcd9c20ad3efd0b3f817e7a809035269e1bd3"},
]
pycryptodome = [
    {file = "pycryptodome-3.10.1-cp27-cp27m-macosx_10_9_x86_64.whl", hash = "sha256:1c5e1ca507de2ad93474be5cfe2bfa76b7cf039a1a32fc196f40935944871a06"},
    {file = "pycryptodome-3.10.1-cp27-cp27m-manylinux1_i686.whl", hash = "sha256:6260e24d41149268122dd39d4ebd5941e9d107f49463f7e071fd397e29923b0c"},
    {file = "pycryptodome-3.10.1-cp27-cp27m-manylinux1_x86_64.whl", hash = "sha256:3f840c49d38986f6e17dbc0673d37947c88bc9d2d9dba1c01b979b36f8447db1"},
    {file = "pycryptodome-3.10.1-cp27-cp27m-manylinux2010_i686.whl", hash = "sha256:2dea65df54349cdfa43d6b2e8edb83f5f8d6861e5cf7b1fbc3e34c5694c85e27"},
    {file = "pycryptodome-3.10.1-cp27-cp27m-manylinux2010_x86_64.whl", hash = "sha256:e61e363d9a5d7916f3a4ce984a929514c0df3daf3b1b2eb5e6edbb131ee771cf"},
    {file = "pycryptodome-3.10.1-cp27-cp27m-manylinux2014_aarch64.whl", hash = "sha256:2603c98ae04aac675fefcf71a6c87dc4bb74a75e9071ae3923bbc91a59f08d35"},
    {file = "pycryptodome-3.10.1-cp27-cp27m-win32.whl", hash = "sha256:38661348ecb71476037f1e1f553159b80d256c00f6c0b00502acac891f7116d9"},
    {file = "pycryptodome-3.10.1-cp27-cp27m-win_amd64.whl", hash = "sha256:1723ebee5561628ce96748501cdaa7afaa67329d753933296321f0be55358dce"},
    {file = "pycryptodome-3.10.1-cp27-cp27mu-manylinux1_i686.whl", hash = "sha256:77997519d8eb8a4adcd9a47b9cec18f9b323e296986528186c0e9a7a15d6a07e"},
    {file = "pycryptodome-3.10.1-cp27-cp27mu-manylinux1_x86_64.whl", hash = "sha256:99b2f3fc51d308286071d0953f92055504a6ffe829a832a9fc7a04318a7683dd"},
    {file = "pycryptodome-3.10.1-cp27-cp27mu-manylinux2010_i686.whl", hash = "sha256:e0a4d5933a88a2c98bbe19c0c722f5483dc628d7a38338ac2cb64a7dbd34064b"},
    {file = "pycryptodome-3.10.1-cp27-cp27mu-manylinux2010_x86_64.whl", hash = "sha256:d3d6958d53ad307df5e8469cc44474a75393a434addf20ecd451f38a72fe29b8"},
    {file = "pycryptodome-3.10.1-cp27-cp27mu-manylinux2014_aarch64.whl", hash = "sha256:a8eb8b6ea09ec1c2535bf39914377bc8abcab2c7d30fa9225eb4fe412024e427"},
    {file = "pycryptodome-3.10.1-cp35-abi3-macosx_10_9_x86_64.whl", hash = "sha256:31c1df17b3dc5f39600a4057d7db53ac372f492c955b9b75dd439f5d8b460129"},
    {file = "pycryptodome-3.10.1-cp35-abi3-manylinux1_i686.whl", hash = "sha256:a3105a0eb63eacf98c2ecb0eb4aa03f77f40fbac2bdde22020bb8a536b226bb8"},
    {file = "pycryptodome-3.10.1-cp35-abi3-manylinux1_x86_64.whl", hash = "sha256:a92d5c414e8ee1249e850789052608f582416e82422502dc0ac8c577808a9067"},
    {file = "pycryptodome-3.10.1-cp35-abi3-manylinux2010_i686.whl", hash = "sha256:60386d1d4cfaad299803b45a5bc2089696eaf6cdd56f9fc17479a6f89595cfc8"},
    {file = "pycryptodome-3.10.1-cp35-abi3-manylinux2010_x86_64.whl", hash = "sha256:501ab36aae360e31d0ec370cf5ce8ace6cb4112060d099b993bc02b36ac83fb6"},
    {file = "pycryptodome-3.10.1-cp35-abi3-manylinux2014_aarch64.whl", hash = "sha256:fc7489a50323a0df02378bc2fff86eb69d94cc5639914346c736be981c6a02e7"},
    {file = "pycryptodome-3.10.1-cp35-abi3-win32.whl", hash = "sha256:9b6f711b25e01931f1c61ce0115245a23cdc8b80bf8539ac0363bdcf27d649b6"},
    {file = "pycryptodome-3.10.1-cp35-abi3-win_amd64.whl", hash = "sha256:7fd519b89585abf57bf47d90166903ec7b43af4fe23c92273ea09e6336af5c07"},
    {file = "pycryptodome-3.10.1-pp27-pypy_73-macosx_10_9_x86_64.whl", hash = "sha256:09c1555a3fa450e7eaca41ea11cd00afe7c91fef52353488e65663777d8524e0"},
    {file = "pycryptodome-3.10.1-pp27-pypy_73-manylinux1_x86_64.whl", hash = "sha256:758949ca62690b1540dfb24ad773c6da9cd0e425189e83e39c038bbd52b8e438"},
    {file = "pycryptodome-3.10.1-pp27-pypy_73-manylinux2010_x86_64.whl", hash = "sha256:e3bf558c6aeb49afa9f0c06cee7fb5947ee5a1ff3bd794b653d39926b49077fa"},
    {file = "pycryptodome-3.10.1-pp27-pypy_73-win32.whl", hash = "sha256:f977cdf725b20f6b8229b0c87acb98c7717e742ef9f46b113985303ae12a99da"},
    {file = "pycryptodome-3.10.1-pp36-pypy36_pp73-macosx_10_9_x86_64.whl", hash = "sha256:6d2df5223b12437e644ce0a3be7809471ffa71de44ccd28b02180401982594a6"},
    {file = "pycryptodome-3.10.1-pp36-pypy36_pp73-manylinux1_x86_64.whl", hash = "sha256:98213ac2b18dc1969a47bc65a79a8fca02a414249d0c8635abb081c7f38c91b6"},
    {file = "pycryptodome-3.10.1-pp36-pypy36_pp73-manylinux2010_x86_64.whl", hash = "sha256:12222a5edc9ca4a29de15fbd5339099c4c26c56e13c2ceddf0b920794f26165d"},
    {file = "pycryptodome-3.10.1-pp36-pypy36_pp73-win32.whl", hash = "sha256:6bbf7fee7b7948b29d7e71fcacf48bac0c57fb41332007061a933f2d996f9713"},
    {file = "pycryptodome-3.10.1.tar.gz", hash = "sha256:3e2e3a06580c5f190df843cdb90ea28d61099cf4924334d5297a995de68e4673"},
]
pylibscrypt = [
    {file = "pylibscrypt-1.8.0.tar.gz", hash = "sha256:893c4519afae05878f7aa313b76f6193e4d4b69d157b7febf6a5ef69ae3bf6e9"},
]
pyparsing = [
    {file = "pyparsing-2.4.7-py2.py3-none-any.whl", hash = "sha256:ef9d7589ef3c200abe66653d3f1ab1033c3c419ae9b9bdb1240a85b024efc88b"},
    {file = "pyparsing-2.4.7.tar.gz", hash = "sha256:c203ec8783bf771a155b207279b9bccb8dea02d8f0c9e5f8ead507bc3246ecc1"},
]
pytest = [
    {file = "pytest-5.4.3-py3-none-any.whl", hash = "sha256:5c0db86b698e8f170ba4582a492248919255fcd4c79b1ee64ace34301fb589a1"},
    {file = "pytest-5.4.3.tar.gz", hash = "sha256:7979331bfcba207414f5e1263b5a0f8f521d0f457318836a7355531ed1a4c7d8"},
]
pyyaml = [
    {file = "PyYAML-5.4.1-cp27-cp27m-macosx_10_9_x86_64.whl", hash = "sha256:3b2b1824fe7112845700f815ff6a489360226a5609b96ec2190a45e62a9fc922"},
    {file = "PyYAML-5.4.1-cp27-cp27m-win32.whl", hash = "sha256:129def1b7c1bf22faffd67b8f3724645203b79d8f4cc81f674654d9902cb4393"},
    {file = "PyYAML-5.4.1-cp27-cp27m-win_amd64.whl", hash = "sha256:4465124ef1b18d9ace298060f4eccc64b0850899ac4ac53294547536533800c8"},
    {file = "PyYAML-5.4.1-cp27-cp27mu-manylinux1_x86_64.whl", hash = "sha256:bb4191dfc9306777bc594117aee052446b3fa88737cd13b7188d0e7aa8162185"},
    {file = "PyYAML-5.4.1-cp36-cp36m-macosx_10_9_x86_64.whl", hash = "sha256:6c78645d400265a062508ae399b60b8c167bf003db364ecb26dcab2bda048253"},
    {file = "PyYAML-5.4.1-cp36-cp36m-manylinux1_x86_64.whl", hash = "sha256:4e0583d24c881e14342eaf4ec5fbc97f934b999a6828693a99157fde912540cc"},
    {file = "PyYAML-5.4.1-cp36-cp36m-manylinux2014_aarch64.whl", hash = "sha256:72a01f726a9c7851ca9bfad6fd09ca4e090a023c00945ea05ba1638c09dc3347"},
    {file = "PyYAML-5.4.1-cp36-cp36m-manylinux2014_s390x.whl", hash = "sha256:895f61ef02e8fed38159bb70f7e100e00f471eae2bc838cd0f4ebb21e28f8541"},
    {file = "PyYAML-5.4.1-cp36-cp36m-win32.whl", hash = "sha256:3bd0e463264cf257d1ffd2e40223b197271046d09dadf73a0fe82b9c1fc385a5"},
    {file = "PyYAML-5.4.1-cp36-cp36m-win_amd64.whl", hash = "sha256:e4fac90784481d221a8e4b1162afa7c47ed953be40d31ab4629ae917510051df"},
    {file = "PyYAML-5.4.1-cp37-cp37m-macosx_10_9_x86_64.whl", hash = "sha256:5accb17103e43963b80e6f837831f38d314a0495500067cb25afab2e8d7a4018"},
    {file = "PyYAML-5.4.1-cp37-cp37m-manylinux1_x86_64.whl", hash = "sha256:e1d4970ea66be07ae37a3c2e48b5ec63f7ba6804bdddfdbd3cfd954d25a82e63"},
    {file = "PyYAML-5.4.1-cp37-cp37m-manylinux2014_aarch64.whl", hash = "sha256:cb333c16912324fd5f769fff6bc5de372e9e7a202247b48870bc251ed40239aa"},
    {file = "PyYAML-5.4.1-cp37-cp37m-manylinux2014_s390x.whl", hash = "sha256:fe69978f3f768926cfa37b867e3843918e012cf83f680806599ddce33c2c68b0"},
    {file = "PyYAML-5.4.1-cp37-cp37m-win32.whl", hash = "sha256:dd5de0646207f053eb0d6c74ae45ba98c3395a571a2891858e87df7c9b9bd51b"},
    {file = "PyYAML-5.4.1-cp37-cp37m-win_amd64.whl", hash = "sha256:08682f6b72c722394747bddaf0aa62277e02557c0fd1c42cb853016a38f8dedf"},
    {file = "PyYAML-5.4.1-cp38-cp38-macosx_10_9_x86_64.whl", hash = "sha256:d2d9808ea7b4af864f35ea216be506ecec180628aced0704e34aca0b040ffe46"},
    {file = "PyYAML-5.4.1-cp38-cp38-manylinux1_x86_64.whl", hash = "sha256:8c1be557ee92a20f184922c7b6424e8ab6691788e6d86137c5d93c1a6ec1b8fb"},
    {file = "PyYAML-5.4.1-cp38-cp38-manylinux2014_aarch64.whl", hash = "sha256:fd7f6999a8070df521b6384004ef42833b9bd62cfee11a09bda1079b4b704247"},
    {file = "PyYAML-5.4.1-cp38-cp38-manylinux2014_s390x.whl", hash = "sha256:bfb51918d4ff3d77c1c856a9699f8492c612cde32fd3bcd344af9be34999bfdc"},
    {file = "PyYAML-5.4.1-cp38-cp38-win32.whl", hash = "sha256:fa5ae20527d8e831e8230cbffd9f8fe952815b2b7dae6ffec25318803a7528fc"},
    {file = "PyYAML-5.4.1-cp38-cp38-win_amd64.whl", hash = "sha256:0f5f5786c0e09baddcd8b4b45f20a7b5d61a7e7e99846e3c799b05c7c53fa696"},
    {file = "PyYAML-5.4.1-cp39-cp39-macosx_10_9_x86_64.whl", hash = "sha256:294db365efa064d00b8d1ef65d8ea2c3426ac366c0c4368d930bf1c5fb497f77"},
    {file = "PyYAML-5.4.1-cp39-cp39-manylinux1_x86_64.whl", hash = "sha256:74c1485f7707cf707a7aef42ef6322b8f97921bd89be2ab6317fd782c2d53183"},
    {file = "PyYAML-5.4.1-cp39-cp39-manylinux2014_aarch64.whl", hash = "sha256:d483ad4e639292c90170eb6f7783ad19490e7a8defb3e46f97dfe4bacae89122"},
    {file = "PyYAML-5.4.1-cp39-cp39-manylinux2014_s390x.whl", hash = "sha256:fdc842473cd33f45ff6bce46aea678a54e3d21f1b61a7750ce3c498eedfe25d6"},
    {file = "PyYAML-5.4.1-cp39-cp39-win32.whl", hash = "sha256:49d4cdd9065b9b6e206d0595fee27a96b5dd22618e7520c33204a4a3239d5b10"},
    {file = "PyYAML-5.4.1-cp39-cp39-win_amd64.whl", hash = "sha256:c20cfa2d49991c8b4147af39859b167664f2ad4561704ee74c1de03318e898db"},
    {file = "PyYAML-5.4.1.tar.gz", hash = "sha256:607774cbba28732bfa802b54baa7484215f530991055bb562efbed5b2f20a45e"},
]
scrypt = [
    {file = "scrypt-0.8.18-cp27-cp27m-manylinux1_i686.whl", hash = "sha256:c0af99a007c2082214a4e30a98d832747dfd0671cb4b858be0de0b55962df5f3"},
    {file = "scrypt-0.8.18-cp27-cp27m-manylinux1_x86_64.whl", hash = "sha256:150c886ef88c4e6f64627e906a1a2fe065bcfe3d35990f51b3394096d5a4779b"},
    {file = "scrypt-0.8.18-cp27-cp27mu-manylinux1_i686.whl", hash = "sha256:ee1a1bb4ecc59f138085adc9713ef61f013d16c9249474e19fc7fd1627dcb1c1"},
    {file = "scrypt-0.8.18-cp27-cp27mu-manylinux1_x86_64.whl", hash = "sha256:c26bd64dc9cf4d90d63a52b21fe5d23109ae6555511f391fee2e9707f4dc743f"},
    {file = "scrypt-0.8.18-cp35-cp35m-manylinux1_i686.whl", hash = "sha256:f941d43b6485f30aee9768288b0e60b69f4b0297131f7ef93436b30d81c75b67"},
    {file = "scrypt-0.8.18-cp35-cp35m-manylinux1_x86_64.whl", hash = "sha256:ee003f8ceffcc351c438301fca07e119b07568670b00a141bec3b9d7b3df5585"},
    {file = "scrypt-0.8.18-cp35-cp35m-manylinux2010_x86_64.whl", hash = "sha256:188cf9a00df97542ed9fa22a86a614cfbe7ca052d116c01dcc1b6d8d48210255"},
    {file = "scrypt-0.8.18-cp35-cp35m-manylinux2014_aarch64.whl", hash = "sha256:ddce16cef3751a5f57c46c3399c29d245bc710f30e9d967ae2ccdb4067e67f98"},
    {file = "scrypt-0.8.18-cp36-cp36m-manylinux1_i686.whl", hash = "sha256:9c8df4c04244456af2a1b489699ee504f769606cb2b2a2b36d869b3dc75487aa"},
    {file = "scrypt-0.8.18-cp36-cp36m-manylinux1_x86_64.whl", hash = "sha256:6285cf76aecfbf244fef8bb3a19fd77b4ef0a797eee36a2702afa8d6c8b9d919"},
    {file = "scrypt-0.8.18-cp36-cp36m-manylinux2010_x86_64.whl", hash = "sha256:57b33180dee66c1a21316c7fabd4d894de5e95f37639601eb76cf593cdc96adc"},
    {file = "scrypt-0.8.18-cp36-cp36m-manylinux2014_aarch64.whl", hash = "sha256:4620574e52598ee5913f4eef01ace71312fcce810835bfe9fc77e8117f1cf7dd"},
    {file = "scrypt-0.8.18-cp36-cp36m-win32.whl", hash = "sha256:f2b87afcbc12dcfe2fdd88304619126bffeedf4d8e99e7d310486e17e47279b9"},
    {file = "scrypt-0.8.18-cp36-cp36m-win_amd64.whl", hash = "sha256:b0091b4a141233f4445eef21110bf4818198434f453533578d89463b62127ba6"},
    {file = "scrypt-0.8.18-cp37-cp37m-macosx_10_14_x86_64.whl", hash = "sha256:09c718b7f804d45539654e6bba8571a1b472fe62f6a16805be092a54e4e165ae"},
    {file = "scrypt-0.8.18-cp37-cp37m-manylinux1_i686.whl", hash = "sha256:8e9edb8d619b80056afd3f9cf58a45c239b7dbe26cf5c07fbfcefee766fe63fc"},
    {file = "scrypt-0.8.18-cp37-cp37m-manylinux1_x86_64.whl", hash = "sha256:425d5349a4350921c23fbb77d4375f8146aca538956933cac991441a17ef67af"},
    {file = "scrypt-0.8.18-cp37-cp37m-manylinux2010_x86_64.whl", hash = "sha256:b72b6956ec1e7dc4683011865500f0f53c10bf6e1a2466ee2c6891ab87bd3403"},
    {file = "scrypt-0.8.18-cp37-cp37m-manylinux2014_aarch64.whl", hash = "sha256:74a5981a2a3f2bc10af89c25f7c736f9bbe0fc8575957528d6338ea18c1b0c03"},
    {file = "scrypt-0.8.18-cp37-cp37m-win32.whl", hash = "sha256:a8dd767cff5a74e0eb7f2890593a214b9426edc815d2dcdbf4d41ea544828ad5"},
    {file = "scrypt-0.8.18-cp37-cp37m-win_amd64.whl", hash = "sha256:7a38cf0e5043fd514bc2ee6455fea7deb7f0a4dcf0ef14c08763b33f339a75ba"},
    {file = "scrypt-0.8.18-cp38-cp38-macosx_10_14_x86_64.whl", hash = "sha256:57873bbfce162569605042101e219de801b3438b7b8cd251ae7a172fad5ff556"},
    {file = "scrypt-0.8.18-cp38-cp38-manylinux1_i686.whl", hash = "sha256:f20bef344f9e9ce92d5372247dc56b13e92f856025df54b3cf10da0b945e33f5"},
    {file = "scrypt-0.8.18-cp38-cp38-manylinux1_x86_64.whl", hash = "sha256:9913f0ebb707ce0cc824592e0737693a8112e7d0603845c89bbefe5510cdb33e"},
    {file = "scrypt-0.8.18-cp38-cp38-manylinux2010_x86_64.whl", hash = "sha256:ffcde1d60a43e9d9aa0fc84337aee5760775ba061ec662a95a0c32ab48d162ec"},
    {file = "scrypt-0.8.18-cp38-cp38-manylinux2014_aarch64.whl", hash = "sha256:6c6d5e406ab9dd253f347748556305e32b30f951b57e7e68c3e95a28000e2b32"},
    {file = "scrypt-0.8.18-cp38-cp38-win32.whl", hash = "sha256:04c256912a4271ad2a0856737800e06965431412bd5b36d361febffb67dc30ba"},
    {file = "scrypt-0.8.18-cp38-cp38-win_amd64.whl", hash = "sha256:beca5e9039d6e50b740c546d43785c514f22e6138e892c2c4ef079172fa312f8"},
    {file = "scrypt-0.8.18-cp39-cp39-manylinux1_i686.whl", hash = "sha256:967d6fb5bdd1796286dedc567a28d201c0db5edd0604a19904583983fae2efb6"},
    {file = "scrypt-0.8.18-cp39-cp39-manylinux1_x86_64.whl", hash = "sha256:f9969b1b695c13ae2a0b4c2a591dbe02fabe5992ba74671aa7ad954ffdc6f3af"},
    {file = "scrypt-0.8.18-cp39-cp39-manylinux2010_x86_64.whl", hash = "sha256:3a6d1c7981463eae733f08ba6e98e74b716b0d32144a4b2ff859e205cde3d2be"},
    {file = "scrypt-0.8.18-cp39-cp39-manylinux2014_aarch64.whl", hash = "sha256:38195eb8c7cc12c383e25a97acbdd66530d20375f678c3718b6bb62fa67e0496"},
    {file = "scrypt-0.8.18-cp39-cp39-win32.whl", hash = "sha256:9bf50164a74517e154c1efa51441c3108cc20864b521d54801894fcaf24f6daf"},
    {file = "scrypt-0.8.18-cp39-cp39-win_amd64.whl", hash = "sha256:0436500cd2dca01400447e4bfa18fca769e5a10896880c6e29e37c0454aa2ab0"},
    {file = "scrypt-0.8.18.tar.gz", hash = "sha256:bcf04257af12e6d52974d177a7b08e314b66f350a73f9b6f7b232d69a6a1e041"},
]
six = [
    {file = "six-1.15.0-py2.py3-none-any.whl", hash = "sha256:8b74bedcbbbaca38ff6d7491d76f2b06b3592611af620f8426e82dddb04a5ced"},
    {file = "six-1.15.0.tar.gz", hash = "sha256:30639c035cdb23534cd4aa2dd52c3bf48f06e5f4a941509c8bafd8ce11080259"},
]
toml = [
    {file = "toml-0.10.2-py2.py3-none-any.whl", hash = "sha256:806143ae5bfb6a3c6e736a764057db0e6a0e05e338b5630894a5f779cabb4f9b"},
    {file = "toml-0.10.2.tar.gz", hash = "sha256:b3bda1d108d5dd99f4a20d24d9c348e91c4db7ab1b749200bded2f839ccbe68f"},
]
toolz = [
    {file = "toolz-0.10.0.tar.gz", hash = "sha256:08fdd5ef7c96480ad11c12d472de21acd32359996f69a5259299b540feba4560"},
]
typing-extensions = [
    {file = "typing_extensions-3.7.4.3-py2-none-any.whl", hash = "sha256:dafc7639cde7f1b6e1acc0f457842a83e722ccca8eef5270af2d74792619a89f"},
    {file = "typing_extensions-3.7.4.3-py3-none-any.whl", hash = "sha256:7cb407020f00f7bfc3cb3e7881628838e69d8f3fcab2f64742a5e76b2f841918"},
    {file = "typing_extensions-3.7.4.3.tar.gz", hash = "sha256:99d4073b617d30288f569d3f13d2bd7548c3a7e4c8de87db09a9d29bb3a4a60c"},
]
ujson = [
    {file = "ujson-2.0.3-cp27-cp27m-manylinux1_x86_64.whl", hash = "sha256:7ae13733d9467d16ccac2f38212cdee841b49ae927085c533425be9076b0bc9d"},
    {file = "ujson-2.0.3-cp27-cp27mu-manylinux1_x86_64.whl", hash = "sha256:6217c63a36e9b26e9271e686d212397ce7fb04c07d85509dd4e2ed73493320f8"},
    {file = "ujson-2.0.3-cp35-cp35m-manylinux1_x86_64.whl", hash = "sha256:c8369ef49169804944e920c427e350182e33756422b69989c55608fc28bebf98"},
    {file = "ujson-2.0.3-cp36-cp36m-manylinux1_x86_64.whl", hash = "sha256:0c23f21e8d2b60efab57bc6ce9d1fb7c4e96f4bfefbf5a6043a3f3309e2a738a"},
    {file = "ujson-2.0.3-cp37-cp37m-manylinux1_x86_64.whl", hash = "sha256:3d1f4705a4ec1e48ff383a4d92299d8ec25e9a8158bcea619912440948117634"},
    {file = "ujson-2.0.3-cp38-cp38-manylinux1_x86_64.whl", hash = "sha256:2ab88e330405315512afe9276f29a60e9b3439187b273665630a57ed7fe1d936"},
    {file = "ujson-2.0.3.tar.gz", hash = "sha256:bd2deffc983827510e5145fb66e4cc0f577480c62fe0b4882139f8f7d27ae9a3"},
]
urllib3 = [
    {file = "urllib3-1.26.4-py2.py3-none-any.whl", hash = "sha256:2f4da4594db7e1e110a944bb1b551fdf4e6c136ad42e4234131391e21eb5b0df"},
    {file = "urllib3-1.26.4.tar.gz", hash = "sha256:e7b021f7241115872f92f43c6508082facffbd1c048e3c6e2bb9c2a157e28937"},
]
virtualenv = [
    {file = "virtualenv-20.4.4-py2.py3-none-any.whl", hash = "sha256:a935126db63128861987a7d5d30e23e8ec045a73840eeccb467c148514e29535"},
    {file = "virtualenv-20.4.4.tar.gz", hash = "sha256:09c61377ef072f43568207dc8e46ddeac6bcdcaf288d49011bda0e7f4d38c4a2"},
]
voluptuous = [
    {file = "voluptuous-0.11.7.tar.gz", hash = "sha256:2abc341dbc740c5e2302c7f9b8e2e243194fb4772585b991931cb5b22e9bf456"},
]
w3lib = [
    {file = "w3lib-1.22.0-py2.py3-none-any.whl", hash = "sha256:0161d55537063e00d95a241663ede3395c4c6d7b777972ba2fd58bbab2001e53"},
    {file = "w3lib-1.22.0.tar.gz", hash = "sha256:0ad6d0203157d61149fd45aaed2e24f53902989c32fc1dccc2e2bfba371560df"},
]
wcwidth = [
    {file = "wcwidth-0.2.5-py2.py3-none-any.whl", hash = "sha256:beb4802a9cebb9144e99086eff703a642a13d6a0052920003a230f3294bbe784"},
    {file = "wcwidth-0.2.5.tar.gz", hash = "sha256:c4d647b99872929fdb7bdcaa4fbe7f01413ed3d98077df798530e5b04f116c83"},
]
websocket-client = [
    {file = "websocket_client-0.56.0-py2.py3-none-any.whl", hash = "sha256:1151d5fb3a62dc129164292e1227655e4bbc5dd5340a5165dfae61128ec50aa9"},
    {file = "websocket_client-0.56.0.tar.gz", hash = "sha256:1fd5520878b68b84b5748bb30e592b10d0a91529d5383f74f4964e72b297fd3a"},
]
zipp = [
    {file = "zipp-3.4.1-py3-none-any.whl", hash = "sha256:51cb66cc54621609dd593d1787f286ee42a5c0adbb4b29abea5a63edc3e03098"},
    {file = "zipp-3.4.1.tar.gz", hash = "sha256:3607921face881ba3e026887d8150cca609d517579abe052ac81fc5aeffdbd76"},
]
